<?xml version="1.0" encoding="UTF-8" standalone="yes" ?>
<CodeBlocks_project_file>
	<FileVersion major="1" minor="6" />
	<Project>
		<Option title="rld" />
		<Option pch_mode="2" />
		<Option compiler="gcc" />
		<Build>
			<Target title="Debug">
				<Option output="bin/Debug/rld" prefix_auto="1" extension_auto="1" />
				<Option object_output="obj/Debug/" />
				<Option type="1" />
				<Option compiler="gcc" />
				<Compiler>
					<Add option="-g" />
				</Compiler>
			</Target>
			<Target title="Release">
				<Option output="bin/Release/rld" prefix_auto="1" extension_auto="1" />
				<Option object_output="obj/Release/" />
				<Option type="1" />
				<Option compiler="gcc" />
				<Compiler>
					<Add option="-O2" />
				</Compiler>
				<Linker>
					<Add option="-s" />
				</Linker>
			</Target>
		</Build>
		<Compiler>
			<Add option="-Wall" />
		</Compiler>
		<Linker>
			<Add option="-lm" />
		</Linker>
		<Unit filename="cartpole.cpp" />
		<Unit filename="cartpole.hpp" />
		<Unit filename="commontypes.hpp" />
		<Unit filename="main.cpp" />
		<Unit filename="mountaincar.cpp" />
		<Unit filename="mountaincar.hpp" />
		<Unit filename="nd_array.cpp" />
		<Unit filename="nd_array.hpp" />
		<Unit filename="nd_array_x.hpp" />
		<Unit filename="rl.cpp" />
		<Unit filename="rl.hpp" />
		<Unit filename="sarsa.cpp" />
		<Unit filename="sarsa.hpp" />
		<Unit filename="valuefn.cpp" />
		<Unit filename="valuefn.hpp" />
		<Extensions />
	</Project>
</CodeBlocks_project_file>
